{
  "name": "siteReservation",
  "lockfileVersion": 3,
  "requires": true,
  "packages": {
    "": {
      "dependencies": {
        "fullcalendar": "^6.0.3",
        "fullcalendar-scheduler": "^6.0.3"
      },
      "devDependencies": {
        "bootstrap": "^5.2.3"
      }
    },
    "node_modules/@fullcalendar/adaptive": {
      "version": "6.0.3",
      "resolved": "https://registry.npmjs.org/@fullcalendar/adaptive/-/adaptive-6.0.3.tgz",
      "integrity": "sha512-0FIfDlILmO6ITwpnU0EJLyWBeJKro5D0XbZhMwG65JdzQv3uHmIlWC00CVPMWteYs6US8baU2/+7C0Zh+rN3/g==",
      "dependencies": {
        "@fullcalendar/premium-common": "~6.0.3"
      },
      "peerDependencies": {
        "@fullcalendar/core": "~6.0.3"
      }
    },
    "node_modules/@fullcalendar/core": {
      "version": "6.0.3",
      "resolved": "https://registry.npmjs.org/@fullcalendar/core/-/core-6.0.3.tgz",
      "integrity": "sha512-4REVuYAxqJjXpLhOC0oABap4Xl8gmykCsHgL61Yy3rdCwWVx/SoE5L3hs8ZUCmsRrgSZOzgiH8sle87RaGi8iw==",
      "dependencies": {
        "preact": "^10.0.5"
      }
    },
    "node_modules/@fullcalendar/daygrid": {
      "version": "6.0.3",
      "resolved": "https://registry.npmjs.org/@fullcalendar/daygrid/-/daygrid-6.0.3.tgz",
      "integrity": "sha512-JWWwWRsi1dgTlbXSbqjmBjd9SRN6wuXOvOwcuvW5sZtk77vtuD5DKcqoitOREq4e2P/f2WdMV6812AVSAPRODw==",
      "peerDependencies": {
        "@fullcalendar/core": "~6.0.3"
      }
    },
    "node_modules/@fullcalendar/interaction": {
      "version": "6.0.3",
      "resolved": "https://registry.npmjs.org/@fullcalendar/interaction/-/interaction-6.0.3.tgz",
      "integrity": "sha512-HhYn/nY3wPrUbZuHnQmmqlhMxwrhy8l3LS+D1Iz4LEsNpBTUpC2htyVdWZD52zeD12ks4+T+bTncf4bFwjf4jA==",
      "peerDependencies": {
        "@fullcalendar/core": "~6.0.3"
      }
    },
    "node_modules/@fullcalendar/list": {
      "version": "6.0.3",
      "resolved": "https://registry.npmjs.org/@fullcalendar/list/-/list-6.0.3.tgz",
      "integrity": "sha512-eQu5QXS8vaHjFd2dfxivVcN4lgxpivcIHDcSFM/3lDbCmI4syAder6JwuRJdGb2QX4ej9KSp+rPyGXjzGRdY3A==",
      "peerDependencies": {
        "@fullcalendar/core": "~6.0.3"
      }
    },
    "node_modules/@fullcalendar/premium-common": {
      "version": "6.0.3",
      "resolved": "https://registry.npmjs.org/@fullcalendar/premium-common/-/premium-common-6.0.3.tgz",
      "integrity": "sha512-wjubsky7P2VEWobJXVcNsvc7g5K0kiQbhQDIAiIJyBVLY/tp/H1CsbeBknFReTz3HRwsFjN4F0dzuSwUcKmoSA==",
      "peerDependencies": {
        "@fullcalendar/core": "~6.0.3"
      }
    },
    "node_modules/@fullcalendar/resource": {
      "version": "6.0.3",
      "resolved": "https://registry.npmjs.org/@fullcalendar/resource/-/resource-6.0.3.tgz",
      "integrity": "sha512-mzE8IMS+0XtYz7NChqDyvixQxmv9wFo+PNEWqE6WKHIEA+o3uTVyQslxvvtMQtmW81bAuysig9XFMJsNa5+qwQ==",
      "dependencies": {
        "@fullcalendar/premium-common": "~6.0.3"
      },
      "peerDependencies": {
        "@fullcalendar/core": "~6.0.3"
      }
    },
    "node_modules/@fullcalendar/resource-daygrid": {
      "version": "6.0.3",
      "resolved": "https://registry.npmjs.org/@fullcalendar/resource-daygrid/-/resource-daygrid-6.0.3.tgz",
      "integrity": "sha512-KhFgPtO3SrmVI4seC+UOYwvkCD2cdwqWLEh0mg7/xIXh+HKPyprQbN+0V6FKgAEHgXZ26FFjmuUeDM6VaY0F3Q==",
      "dependencies": {
        "@fullcalendar/daygrid": "~6.0.3",
        "@fullcalendar/premium-common": "~6.0.3"
      },
      "peerDependencies": {
        "@fullcalendar/core": "~6.0.3",
        "@fullcalendar/resource": "~6.0.3"
      }
    },
    "node_modules/@fullcalendar/resource-timegrid": {
      "version": "6.0.3",
      "resolved": "https://registry.npmjs.org/@fullcalendar/resource-timegrid/-/resource-timegrid-6.0.3.tgz",
      "integrity": "sha512-KTPOFpmnRuSVc7LjH3isWnns0hwaeYN5sH1k/EYGgrGaVJ/Zo9pav5c76ugEy4XBmhp9Z/t+Zr60rEelRwPpHw==",
      "dependencies": {
        "@fullcalendar/premium-common": "~6.0.3",
        "@fullcalendar/resource-daygrid": "~6.0.3",
        "@fullcalendar/timegrid": "~6.0.3"
      },
      "peerDependencies": {
        "@fullcalendar/core": "~6.0.3",
        "@fullcalendar/resource": "~6.0.3"
      }
    },
    "node_modules/@fullcalendar/resource-timeline": {
      "version": "6.0.3",
      "resolved": "https://registry.npmjs.org/@fullcalendar/resource-timeline/-/resource-timeline-6.0.3.tgz",
      "integrity": "sha512-WCryfCCo/35LbSpIk1jhWKjcuMjzpkGjsJZiIngYGfFlwx0oWgk5rlCsPcoDgYqsrufCbJNSpRCmb0GRtH/eYA==",
      "dependencies": {
        "@fullcalendar/premium-common": "~6.0.3",
        "@fullcalendar/scrollgrid": "~6.0.3",
        "@fullcalendar/timeline": "~6.0.3"
      },
      "peerDependencies": {
        "@fullcalendar/core": "~6.0.3",
        "@fullcalendar/resource": "~6.0.3"
      }
    },
    "node_modules/@fullcalendar/scrollgrid": {
      "version": "6.0.3",
      "resolved": "https://registry.npmjs.org/@fullcalendar/scrollgrid/-/scrollgrid-6.0.3.tgz",
      "integrity": "sha512-IHvBSTEOb5dDNorYMI+/bSaxkS4YWxcVlt7Z4lYP5R7GLfW7oC8l8TUskeAfScvmrU2uYXAzqtBrHc655BbI6A==",
      "dependencies": {
        "@fullcalendar/premium-common": "~6.0.3"
      },
      "peerDependencies": {
        "@fullcalendar/core": "~6.0.3"
      }
    },
    "node_modules/@fullcalendar/timegrid": {
      "version": "6.0.3",
      "resolved": "https://registry.npmjs.org/@fullcalendar/timegrid/-/timegrid-6.0.3.tgz",
      "integrity": "sha512-BCuHQLs5UPfGvGjRO6eYSwxbaFXSprcjFWDHwGsBptd5RItXeDDHgqC8U8qYKEwVwt0DM3RCb55VtlzQLo3CdA==",
      "dependencies": {
        "@fullcalendar/daygrid": "~6.0.3"
      },
      "peerDependencies": {
        "@fullcalendar/core": "~6.0.3"
      }
    },
    "node_modules/@fullcalendar/timeline": {
      "version": "6.0.3",
      "resolved": "https://registry.npmjs.org/@fullcalendar/timeline/-/timeline-6.0.3.tgz",
      "integrity": "sha512-5Xz9FzO8PFyE/9alJDSF5Y2AoEWLgrJ8qFtFCeS30YzHKi9nsJCEsT8Jp+ywKr8sMGi09BjwSYsXvFdWWu1JPg==",
      "dependencies": {
        "@fullcalendar/premium-common": "~6.0.3",
        "@fullcalendar/scrollgrid": "~6.0.3"
      },
      "peerDependencies": {
        "@fullcalendar/core": "~6.0.3"
      }
    },
    "node_modules/@popperjs/core": {
      "version": "2.11.6",
      "resolved": "https://registry.npmjs.org/@popperjs/core/-/core-2.11.6.tgz",
      "integrity": "sha512-50/17A98tWUfQ176raKiOGXuYpLyyVMkxxG6oylzL3BPOlA6ADGdK7EYunSa4I064xerltq9TGXs8HmOk5E+vw==",
      "dev": true,
      "peer": true,
      "funding": {
        "type": "opencollective",
        "url": "https://opencollective.com/popperjs"
      }
    },
    "node_modules/bootstrap": {
      "version": "5.2.3",
      "resolved": "https://registry.npmjs.org/bootstrap/-/bootstrap-5.2.3.tgz",
      "integrity": "sha512-cEKPM+fwb3cT8NzQZYEu4HilJ3anCrWqh3CHAok1p9jXqMPsPTBhU25fBckEJHJ/p+tTxTFTsFQGM+gaHpi3QQ==",
      "dev": true,
      "funding": [
        {
          "type": "github",
          "url": "https://github.com/sponsors/twbs"
        },
        {
          "type": "opencollective",
          "url": "https://opencollective.com/bootstrap"
        }
      ],
      "peerDependencies": {
        "@popperjs/core": "^2.11.6"
      }
    },
    "node_modules/fullcalendar": {
      "version": "6.0.3",
      "resolved": "https://registry.npmjs.org/fullcalendar/-/fullcalendar-6.0.3.tgz",
      "integrity": "sha512-j7ifUusTSSbPMfMt8A7V2WBmsc6xVnp4hgGpaReapECYjbrQaUb9AnOSjsSRt5CmDBLjvr7YFcCGivZ3fH8j0w==",
      "dependencies": {
        "@fullcalendar/core": "~6.0.3",
        "@fullcalendar/daygrid": "~6.0.3",
        "@fullcalendar/interaction": "~6.0.3",
        "@fullcalendar/list": "~6.0.3",
        "@fullcalendar/timegrid": "~6.0.3"
      }
    },
    "node_modules/fullcalendar-scheduler": {
      "version": "6.0.3",
      "resolved": "https://registry.npmjs.org/fullcalendar-scheduler/-/fullcalendar-scheduler-6.0.3.tgz",
      "integrity": "sha512-iLfHPistGxMmBs7rvIi0tyC2W9YwWl2lEj4sh6HOCGAnkNE6eONZQoISt1Jat7reCED1/9NAOGCD/NxHu4y/XQ==",
      "dependencies": {
        "@fullcalendar/adaptive": "~6.0.3",
        "@fullcalendar/core": "~6.0.3",
        "@fullcalendar/daygrid": "~6.0.3",
        "@fullcalendar/interaction": "~6.0.3",
        "@fullcalendar/list": "~6.0.3",
        "@fullcalendar/resource": "~6.0.3",
        "@fullcalendar/resource-daygrid": "~6.0.3",
        "@fullcalendar/resource-timegrid": "~6.0.3",
        "@fullcalendar/resource-timeline": "~6.0.3",
        "@fullcalendar/scrollgrid": "~6.0.3",
        "@fullcalendar/timegrid": "~6.0.3",
        "@fullcalendar/timeline": "~6.0.3"
      }
    },
    "node_modules/preact": {
      "version": "10.11.3",
      "resolved": "https://registry.npmjs.org/preact/-/preact-10.11.3.tgz",
      "integrity": "sha512-eY93IVpod/zG3uMF22Unl8h9KkrcKIRs2EGar8hwLZZDU1lkjph303V9HZBwufh2s736U6VXuhD109LYqPoffg==",
      "funding": {
        "type": "opencollective",
        "url": "https://opencollective.com/preact"
      }
    }
  }
}
